# Published DGenLisp distributions. Each target stanza is independent so a
# platform may remain pinned while another advances. Fetching is explicit:
# scripts/fetch_dgenlisp.sh downloads the pinned url, hard-fails unless the
# download's sha256 matches the pin, and installs the compiler under
# crates/sequencer/tools/ (gitignored) at DGenLisp-<target>.

target linux-x86_64
version dgenlisp-v0.1.20
url https://github.com/universalsequences/dgen-audio/releases/download/dgenlisp-v0.1.20/DGenLisp-linux-x86_64.tar.gz
sha256 cdae00486e6a8779b3b8d824938f463dc6d775d8695bacabda965716727cc12b
format tar.gz
executable_path dgenlisp-linux-x86_64/DGenLisp
upstream_commit 6b49cfea3001a42bc3622ab4b7ecdb53dd5a5322
glibc_floor 2.35
container_image swift:6.3.3-jammy

target macos-arm64
version dgenlisp-v0.1.23
url https://github.com/universalsequences/dgen-audio/releases/download/dgenlisp-v0.1.23/DGenLisp-macos-arm64.tar.gz
sha256 886502c24bab2e8519412a943461c7517f004ed4f0906230338377eb8d720364
format tar.gz
executable_path dgenlisp-macos-arm64/DGenLisp
upstream_commit 8fb0dc90f1ab5853e4e4b77943b79ab3c2e06bfd
