# Published DGenLisp distributions. Each target stanza is independent so a
# platform may remain pinned while another advances. Fetching is explicit:
# scripts/fetch_dgenlisp.sh downloads the pinned url, hard-fails unless the
# download's sha256 matches the pin, and installs the compiler under
# crates/sequencer/tools/ (gitignored) at DGenLisp-<target>.

target linux-x86_64
version dgenlisp-v0.1.5
url https://github.com/universalsequences/dgen-audio/releases/download/dgenlisp-v0.1.5/DGenLisp-linux-x86_64.tar.gz
sha256 5bab458a33dc9ab2ffab621ba87ef7d72289cf91d1c19b386e487a45e532a087
format tar.gz
executable_path dgenlisp-linux-x86_64/DGenLisp
upstream_commit 3fb5065c0976f10d2acb2043215efcfbddab88dc
glibc_floor 2.35
container_image swift:6.3.3-jammy

target macos-arm64
version dgenlisp-v0.1.6
url https://github.com/universalsequences/dgen-audio/releases/download/dgenlisp-v0.1.6/DGenLisp-macos-arm64.tar.gz
sha256 f72923f319ff0bcb98ebdedf394af0f4d47b7397291e6c9be877679c1352ad55
format tar.gz
executable_path dgenlisp-macos-arm64/DGenLisp
upstream_commit f55ee9951f799307513218bb3e28e802bbded059
