# Published DGenLisp distributions. Each target stanza is independent so a
# platform may remain pinned while another advances. Fetching is explicit:
# scripts/fetch_dgenlisp.sh downloads the pinned url, hard-fails unless the
# download's sha256 matches the pin, and installs the compiler under
# crates/sequencer/tools/ (gitignored) at DGenLisp-<target>.

target linux-x86_64
version dgenlisp-v0.1.1
url https://github.com/universalsequences/dgen-audio/releases/download/dgenlisp-v0.1.1/DGenLisp-linux-x86_64.tar.gz
sha256 717b5cb629928459d8b366d5b75afabe46800c70639a0de3fb0fb29246c2ff61
format tar.gz
executable_path dgenlisp-linux-x86_64/DGenLisp
upstream_commit ae25e9d9913ac745c653b6c7df4236b1a42b32f8
glibc_floor 2.35
container_image swift:6.3.3-jammy

target macos-arm64
version dgenlisp-v0.1.0
url https://github.com/universalsequences/dgen-audio/releases/download/dgenlisp-v0.1.0/DGenLisp-macos-arm64
sha256 f58b2abccd50234758365443644518a95632f2b2f0e6095b98fcd5c304b4ab63
format executable
executable_path DGenLisp-macos-arm64
upstream_commit 68c6fba23aaf8bc9f4b18b9e09f8379f312f5022
